
Microsoft Visual Studio Solution File, Format Version 12.00
# Visual Studio Version 17
VisualStudioVersion = 17.10.35027.167
MinimumVisualStudioVersion = 10.0.40219.1
Project("{9A19103F-16F7-4668-BE54-9A1E7A4F7556}") = "LibraryManagementSystem", "LibraryManagementSystem.csproj", "{60115170-408B-4A85-B393-DD12252FE8A2}"
EndProject
Project("{FAE04EC0-301F-11D3-BF4B-00C04F79EFBC}") = "LibraryManagementSystem.Test", "..\LibraryManagementSystem.Test\LibraryManagementSystem.Test.csproj", "{77627CB1-2C85-411A-913A-3CC7C836098D}"
EndProject
Global
	GlobalSection(SolutionConfigurationPlatforms) = preSolution
		Debug|Any CPU = Debug|Any CPU
		Release|Any CPU = Release|Any CPU
	EndGlobalSection
	GlobalSection(ProjectConfigurationPlatforms) = postSolution
		{60115170-408B-4A85-B393-DD12252FE8A2}.Debug|Any CPU.ActiveCfg = Debug|Any CPU
		{60115170-408B-4A85-B393-DD12252FE8A2}.Debug|Any CPU.Build.0 = Debug|Any CPU
		{60115170-408B-4A85-B393-DD12252FE8A2}.Release|Any CPU.ActiveCfg = Release|Any CPU
		{60115170-408B-4A85-B393-DD12252FE8A2}.Release|Any CPU.Build.0 = Release|Any CPU
		{77627CB1-2C85-411A-913A-3CC7C836098D}.Debug|Any CPU.ActiveCfg = Debug|Any CPU
		{77627CB1-2C85-411A-913A-3CC7C836098D}.Debug|Any CPU.Build.0 = Debug|Any CPU
		{77627CB1-2C85-411A-913A-3CC7C836098D}.Release|Any CPU.ActiveCfg = Release|Any CPU
		{77627CB1-2C85-411A-913A-3CC7C836098D}.Release|Any CPU.Build.0 = Release|Any CPU
	EndGlobalSection
	GlobalSection(SolutionProperties) = preSolution
		HideSolutionNode = FALSE
	EndGlobalSection
	GlobalSection(ExtensibilityGlobals) = postSolution
		SolutionGuid = {3966F2CE-58DF-4A59-8C9C-DCD4BCF2D4D0}
	EndGlobalSection
EndGlobal
